// !$*UTF8*$!
{
	archiveVersion = 1;
	classes = {
	};
	objectVersion = 46;
	objects = {

/* Begin PBXBuildFile section */
		CE1297B11A2633C0006E5046 /* SimpleTableCell.xib in Resources */ = {isa = PBXBuildFile; fileRef = CE1297B01A2633C0006E5046 /* SimpleTableCell.xib */; };
		CE1297B41A263845006E5046 /* SimpleTableCell.m in Sources */ = {isa = PBXBuildFile; fileRef = CE1297B31A263845006E5046 /* SimpleTableCell.m */; };
		CE539E161A23016600D1FAEB /* main.m in Sources */ = {isa = PBXBuildFile; fileRef = CE539E151A23016600D1FAEB /* main.m */; };
		CE539E191A23016600D1FAEB /* AppDelegate.m in Sources */ = {isa = PBXBuildFile; fileRef = CE539E181A23016600D1FAEB /* AppDelegate.m */; };
		CE539E1C1A23016600D1FAEB /* ViewController.m in Sources */ = {isa = PBXBuildFile; fileRef = CE539E1B1A23016600D1FAEB /* ViewController.m */; };
		CE539E211A23016700D1FAEB /* Images.xcassets in Resources */ = {isa = PBXBuildFile; fileRef = CE539E201A23016700D1FAEB /* Images.xcassets */; };
		CE539E241A23016700D1FAEB /* LaunchScreen.xib in Resources */ = {isa = PBXBuildFile; fileRef = CE539E221A23016700D1FAEB /* LaunchScreen.xib */; };
		CE539E301A23016700D1FAEB /* Trial_app2Tests.m in Sources */ = {isa = PBXBuildFile; fileRef = CE539E2F1A23016700D1FAEB /* Trial_app2Tests.m */; };
		CE539E3B1A2332E000D1FAEB /* XYZAddToDoItemViewController.m in Sources */ = {isa = PBXBuildFile; fileRef = CE539E3A1A2332E000D1FAEB /* XYZAddToDoItemViewController.m */; };
		CE539E3E1A2335B800D1FAEB /* XYZToDoListTableViewController.m in Sources */ = {isa = PBXBuildFile; fileRef = CE539E3D1A2335B800D1FAEB /* XYZToDoListTableViewController.m */; };
		CE539E411A234E6400D1FAEB /* XYZToDoList.m in Sources */ = {isa = PBXBuildFile; fileRef = CE539E401A234E6400D1FAEB /* XYZToDoList.m */; };
		CE539E441A2465A000D1FAEB /* Model.xcdatamodeld in Sources */ = {isa = PBXBuildFile; fileRef = CE539E421A2465A000D1FAEB /* Model.xcdatamodeld */; };
		CE539E471A246DCB00D1FAEB /* Note.m in Sources */ = {isa = PBXBuildFile; fileRef = CE539E461A246DCB00D1FAEB /* Note.m */; };
		CE5A0A0F1A30607200BC72E7 /* userAlertView.m in Sources */ = {isa = PBXBuildFile; fileRef = CE5A0A0E1A30607200BC72E7 /* userAlertView.m */; };
		CE5A0A121A30611600BC72E7 /* UserAlertWrapper.m in Sources */ = {isa = PBXBuildFile; fileRef = CE5A0A111A30611600BC72E7 /* UserAlertWrapper.m */; };
		CE6B6D881A3589A80045C409 /* 1916561.jpg in Resources */ = {isa = PBXBuildFile; fileRef = CE6B6D871A3589A70045C409 /* 1916561.jpg */; };
		CE6B6DCD1A35B1650045C409 /* Main.storyboard in Resources */ = {isa = PBXBuildFile; fileRef = CE6B6DCB1A35B1650045C409 /* Main.storyboard */; };
		CE6B6DD01A36BE8E0045C409 /* User.m in Sources */ = {isa = PBXBuildFile; fileRef = CE6B6DCF1A36BE8E0045C409 /* User.m */; };
		CE6B6DD31A36D15C0045C409 /* KeychainItemWrapper.m in Sources */ = {isa = PBXBuildFile; fileRef = CE6B6DD21A36D15C0045C409 /* KeychainItemWrapper.m */; };
		CE6B6DD61A36F3D60045C409 /* UICKeyChainStore.m in Sources */ = {isa = PBXBuildFile; fileRef = CE6B6DD51A36F3D60045C409 /* UICKeyChainStore.m */; };
		CE6B6DD81A36F4AF0045C409 /* Security.framework in Frameworks */ = {isa = PBXBuildFile; fileRef = CE6B6DD71A36F4AF0045C409 /* Security.framework */; };
		CE77310D1A2DBE4B00674026 /* Black-Background-Wood-black-wallpaper.jpg in Resources */ = {isa = PBXBuildFile; fileRef = CE77310C1A2DBE4B00674026 /* Black-Background-Wood-black-wallpaper.jpg */; };
		CE77310F1A2DBF6E00674026 /* color-theme-blue-green-white-keywords-decorative-backgrounds.jpg in Resources */ = {isa = PBXBuildFile; fileRef = CE77310E1A2DBF6E00674026 /* color-theme-blue-green-white-keywords-decorative-backgrounds.jpg */; };
		CEC4DE731A3F05D5005C2B79 /* 0210.jpg in Resources */ = {isa = PBXBuildFile; fileRef = CEC4DE721A3F05D5005C2B79 /* 0210.jpg */; };
		CEE304651A2DD113001F0196 /* SignInViewController.m in Sources */ = {isa = PBXBuildFile; fileRef = CEE304641A2DD113001F0196 /* SignInViewController.m */; };
		CEE304681A2DD129001F0196 /* SignUpViewController.m in Sources */ = {isa = PBXBuildFile; fileRef = CEE304671A2DD129001F0196 /* SignUpViewController.m */; };
/* End PBXBuildFile section */

/* Begin PBXContainerItemProxy section */
		CE539E2A1A23016700D1FAEB /* PBXContainerItemProxy */ = {
			isa = PBXContainerItemProxy;
			containerPortal = CE539E081A23016600D1FAEB /* Project object */;
			proxyType = 1;
			remoteGlobalIDString = CE539E0F1A23016600D1FAEB;
			remoteInfo = Trial_app2;
		};
/* End PBXContainerItemProxy section */

/* Begin PBXFileReference section */
		CE1297AF1A2631E9006E5046 /* Model2.xcdatamodel */ = {isa = PBXFileReference; lastKnownFileType = wrapper.xcdatamodel; path = Model2.xcdatamodel; sourceTree = "<group>"; };
		CE1297B01A2633C0006E5046 /* SimpleTableCell.xib */ = {isa = PBXFileReference; fileEncoding = 4; lastKnownFileType = file.xib; path = SimpleTableCell.xib; sourceTree = "<group>"; };
		CE1297B21A263845006E5046 /* SimpleTableCell.h */ = {isa = PBXFileReference; fileEncoding = 4; lastKnownFileType = sourcecode.c.h; path = SimpleTableCell.h; sourceTree = "<group>"; };
		CE1297B31A263845006E5046 /* SimpleTableCell.m */ = {isa = PBXFileReference; fileEncoding = 4; lastKnownFileType = sourcecode.c.objc; path = SimpleTableCell.m; sourceTree = "<group>"; };
		CE539E101A23016600D1FAEB /* Trial_app2.app */ = {isa = PBXFileReference; explicitFileType = wrapper.application; includeInIndex = 0; path = Trial_app2.app; sourceTree = BUILT_PRODUCTS_DIR; };
		CE539E141A23016600D1FAEB /* Info.plist */ = {isa = PBXFileReference; lastKnownFileType = text.plist.xml; path = Info.plist; sourceTree = "<group>"; };
		CE539E151A23016600D1FAEB /* main.m */ = {isa = PBXFileReference; lastKnownFileType = sourcecode.c.objc; path = main.m; sourceTree = "<group>"; };
		CE539E171A23016600D1FAEB /* AppDelegate.h */ = {isa = PBXFileReference; lastKnownFileType = sourcecode.c.h; path = AppDelegate.h; sourceTree = "<group>"; };
		CE539E181A23016600D1FAEB /* AppDelegate.m */ = {isa = PBXFileReference; lastKnownFileType = sourcecode.c.objc; path = AppDelegate.m; sourceTree = "<group>"; };
		CE539E1A1A23016600D1FAEB /* ViewController.h */ = {isa = PBXFileReference; lastKnownFileType = sourcecode.c.h; path = ViewController.h; sourceTree = "<group>"; };
		CE539E1B1A23016600D1FAEB /* ViewController.m */ = {isa = PBXFileReference; lastKnownFileType = sourcecode.c.objc; path = ViewController.m; sourceTree = "<group>"; };
		CE539E201A23016700D1FAEB /* Images.xcassets */ = {isa = PBXFileReference; lastKnownFileType = folder.assetcatalog; path = Images.xcassets; sourceTree = "<group>"; };
		CE539E231A23016700D1FAEB /* Base */ = {isa = PBXFileReference; lastKnownFileType = file.xib; name = Base; path = Base.lproj/LaunchScreen.xib; sourceTree = "<group>"; };
		CE539E291A23016700D1FAEB /* Trial_app2Tests.xctest */ = {isa = PBXFileReference; explicitFileType = wrapper.cfbundle; includeInIndex = 0; path = Trial_app2Tests.xctest; sourceTree = BUILT_PRODUCTS_DIR; };
		CE539E2E1A23016700D1FAEB /* Info.plist */ = {isa = PBXFileReference; lastKnownFileType = text.plist.xml; path = Info.plist; sourceTree = "<group>"; };
		CE539E2F1A23016700D1FAEB /* Trial_app2Tests.m */ = {isa = PBXFileReference; lastKnownFileType = sourcecode.c.objc; path = Trial_app2Tests.m; sourceTree = "<group>"; };
		CE539E391A2332E000D1FAEB /* XYZAddToDoItemViewController.h */ = {isa = PBXFileReference; fileEncoding = 4; lastKnownFileType = sourcecode.c.h; path = XYZAddToDoItemViewController.h; sourceTree = "<group>"; };
		CE539E3A1A2332E000D1FAEB /* XYZAddToDoItemViewController.m */ = {isa = PBXFileReference; fileEncoding = 4; lastKnownFileType = sourcecode.c.objc; path = XYZAddToDoItemViewController.m; sourceTree = "<group>"; };
		CE539E3C1A2335B800D1FAEB /* XYZToDoListTableViewController.h */ = {isa = PBXFileReference; fileEncoding = 4; lastKnownFileType = sourcecode.c.h; path = XYZToDoListTableViewController.h; sourceTree = "<group>"; };
		CE539E3D1A2335B800D1FAEB /* XYZToDoListTableViewController.m */ = {isa = PBXFileReference; fileEncoding = 4; lastKnownFileType = sourcecode.c.objc; path = XYZToDoListTableViewController.m; sourceTree = "<group>"; };
		CE539E3F1A234E6400D1FAEB /* XYZToDoList.h */ = {isa = PBXFileReference; fileEncoding = 4; lastKnownFileType = sourcecode.c.h; path = XYZToDoList.h; sourceTree = "<group>"; };
		CE539E401A234E6400D1FAEB /* XYZToDoList.m */ = {isa = PBXFileReference; fileEncoding = 4; lastKnownFileType = sourcecode.c.objc; path = XYZToDoList.m; sourceTree = "<group>"; };
		CE539E431A2465A000D1FAEB /* Model.xcdatamodel */ = {isa = PBXFileReference; lastKnownFileType = wrapper.xcdatamodel; path = Model.xcdatamodel; sourceTree = "<group>"; };
		CE539E451A246DCB00D1FAEB /* Note.h */ = {isa = PBXFileReference; fileEncoding = 4; lastKnownFileType = sourcecode.c.h; path = Note.h; sourceTree = "<group>"; };
		CE539E461A246DCB00D1FAEB /* Note.m */ = {isa = PBXFileReference; fileEncoding = 4; lastKnownFileType = sourcecode.c.objc; path = Note.m; sourceTree = "<group>"; };
		CE5A0A0D1A30607200BC72E7 /* userAlertView.h */ = {isa = PBXFileReference; fileEncoding = 4; lastKnownFileType = sourcecode.c.h; path = userAlertView.h; sourceTree = "<group>"; };
		CE5A0A0E1A30607200BC72E7 /* userAlertView.m */ = {isa = PBXFileReference; fileEncoding = 4; lastKnownFileType = sourcecode.c.objc; path = userAlertView.m; sourceTree = "<group>"; };
		CE5A0A101A30611600BC72E7 /* UserAlertWrapper.h */ = {isa = PBXFileReference; fileEncoding = 4; lastKnownFileType = sourcecode.c.h; path = UserAlertWrapper.h; sourceTree = "<group>"; };
		CE5A0A111A30611600BC72E7 /* UserAlertWrapper.m */ = {isa = PBXFileReference; fileEncoding = 4; lastKnownFileType = sourcecode.c.objc; path = UserAlertWrapper.m; sourceTree = "<group>"; };
		CE6B6D871A3589A70045C409 /* 1916561.jpg */ = {isa = PBXFileReference; lastKnownFileType = image.jpeg; path = 1916561.jpg; sourceTree = "<group>"; };
		CE6B6DCC1A35B1650045C409 /* Base */ = {isa = PBXFileReference; lastKnownFileType = file.storyboard; name = Base; path = Trial_app2/Base.lproj/Main.storyboard; sourceTree = "<group>"; };
		CE6B6DCE1A36BE8E0045C409 /* User.h */ = {isa = PBXFileReference; fileEncoding = 4; lastKnownFileType = sourcecode.c.h; path = User.h; sourceTree = "<group>"; };
		CE6B6DCF1A36BE8E0045C409 /* User.m */ = {isa = PBXFileReference; fileEncoding = 4; lastKnownFileType = sourcecode.c.objc; path = User.m; sourceTree = "<group>"; };
		CE6B6DD11A36D15C0045C409 /* KeychainItemWrapper.h */ = {isa = PBXFileReference; fileEncoding = 4; lastKnownFileType = sourcecode.c.h; path = KeychainItemWrapper.h; sourceTree = "<group>"; };
		CE6B6DD21A36D15C0045C409 /* KeychainItemWrapper.m */ = {isa = PBXFileReference; fileEncoding = 4; lastKnownFileType = sourcecode.c.objc; path = KeychainItemWrapper.m; sourceTree = "<group>"; };
		CE6B6DD41A36F3D60045C409 /* UICKeyChainStore.h */ = {isa = PBXFileReference; fileEncoding = 4; lastKnownFileType = sourcecode.c.h; path = UICKeyChainStore.h; sourceTree = "<group>"; };
		CE6B6DD51A36F3D60045C409 /* UICKeyChainStore.m */ = {isa = PBXFileReference; fileEncoding = 4; lastKnownFileType = sourcecode.c.objc; path = UICKeyChainStore.m; sourceTree = "<group>"; };
		CE6B6DD71A36F4AF0045C409 /* Security.framework */ = {isa = PBXFileReference; lastKnownFileType = wrapper.framework; name = Security.framework; path = System/Library/Frameworks/Security.framework; sourceTree = SDKROOT; };
		CE77310C1A2DBE4B00674026 /* Black-Background-Wood-black-wallpaper.jpg */ = {isa = PBXFileReference; lastKnownFileType = image.jpeg; path = "Black-Background-Wood-black-wallpaper.jpg"; sourceTree = "<group>"; };
		CE77310E1A2DBF6E00674026 /* color-theme-blue-green-white-keywords-decorative-backgrounds.jpg */ = {isa = PBXFileReference; lastKnownFileType = image.jpeg; path = "color-theme-blue-green-white-keywords-decorative-backgrounds.jpg"; sourceTree = "<group>"; };
		CEC4DE721A3F05D5005C2B79 /* 0210.jpg */ = {isa = PBXFileReference; lastKnownFileType = image.jpeg; path = 0210.jpg; sourceTree = "<group>"; };
		CEE304631A2DD113001F0196 /* SignInViewController.h */ = {isa = PBXFileReference; fileEncoding = 4; lastKnownFileType = sourcecode.c.h; path = SignInViewController.h; sourceTree = "<group>"; };
		CEE304641A2DD113001F0196 /* SignInViewController.m */ = {isa = PBXFileReference; fileEncoding = 4; lastKnownFileType = sourcecode.c.objc; path = SignInViewController.m; sourceTree = "<group>"; };
		CEE304661A2DD129001F0196 /* SignUpViewController.h */ = {isa = PBXFileReference; fileEncoding = 4; lastKnownFileType = sourcecode.c.h; path = SignUpViewController.h; sourceTree = "<group>"; };
		CEE304671A2DD129001F0196 /* SignUpViewController.m */ = {isa = PBXFileReference; fileEncoding = 4; lastKnownFileType = sourcecode.c.objc; path = SignUpViewController.m; sourceTree = "<group>"; };
/* End PBXFileReference section */

/* Begin PBXFrameworksBuildPhase section */
		CE539E0D1A23016600D1FAEB /* Frameworks */ = {
			isa = PBXFrameworksBuildPhase;
			buildActionMask = 2147483647;
			files = (
				CE6B6DD81A36F4AF0045C409 /* Security.framework in Frameworks */,
			);
			runOnlyForDeploymentPostprocessing = 0;
		};
		CE539E261A23016700D1FAEB /* Frameworks */ = {
			isa = PBXFrameworksBuildPhase;
			buildActionMask = 2147483647;
			files = (
			);
			runOnlyForDeploymentPostprocessing = 0;
		};
/* End PBXFrameworksBuildPhase section */

/* Begin PBXGroup section */
		CE539E071A23016600D1FAEB = {
			isa = PBXGroup;
			children = (
				CE6B6DD71A36F4AF0045C409 /* Security.framework */,
				CE539E121A23016600D1FAEB /* Trial_app2 */,
				CE539E2C1A23016700D1FAEB /* Trial_app2Tests */,
				CE539E111A23016600D1FAEB /* Products */,
			);
			sourceTree = "<group>";
		};
		CE539E111A23016600D1FAEB /* Products */ = {
			isa = PBXGroup;
			children = (
				CE539E101A23016600D1FAEB /* Trial_app2.app */,
				CE539E291A23016700D1FAEB /* Trial_app2Tests.xctest */,
			);
			name = Products;
			sourceTree = "<group>";
		};
		CE539E121A23016600D1FAEB /* Trial_app2 */ = {
			isa = PBXGroup;
			children = (
				CE539E171A23016600D1FAEB /* AppDelegate.h */,
				CE539E181A23016600D1FAEB /* AppDelegate.m */,
				CE1297B01A2633C0006E5046 /* SimpleTableCell.xib */,
				CE1297B21A263845006E5046 /* SimpleTableCell.h */,
				CE1297B31A263845006E5046 /* SimpleTableCell.m */,
				CE539E1A1A23016600D1FAEB /* ViewController.h */,
				CE539E1B1A23016600D1FAEB /* ViewController.m */,
				CEE304631A2DD113001F0196 /* SignInViewController.h */,
				CEE304641A2DD113001F0196 /* SignInViewController.m */,
				CE5A0A0D1A30607200BC72E7 /* userAlertView.h */,
				CE6B6DCB1A35B1650045C409 /* Main.storyboard */,
				CE5A0A0E1A30607200BC72E7 /* userAlertView.m */,
				CE5A0A101A30611600BC72E7 /* UserAlertWrapper.h */,
				CE5A0A111A30611600BC72E7 /* UserAlertWrapper.m */,
				CEE304661A2DD129001F0196 /* SignUpViewController.h */,
				CEE304671A2DD129001F0196 /* SignUpViewController.m */,
				CE539E3C1A2335B800D1FAEB /* XYZToDoListTableViewController.h */,
				CE539E3D1A2335B800D1FAEB /* XYZToDoListTableViewController.m */,
				CE6B6DCE1A36BE8E0045C409 /* User.h */,
				CE6B6DCF1A36BE8E0045C409 /* User.m */,
				CE6B6DD11A36D15C0045C409 /* KeychainItemWrapper.h */,
				CE6B6DD21A36D15C0045C409 /* KeychainItemWrapper.m */,
				CE6B6DD41A36F3D60045C409 /* UICKeyChainStore.h */,
				CE6B6DD51A36F3D60045C409 /* UICKeyChainStore.m */,
				CE539E421A2465A000D1FAEB /* Model.xcdatamodeld */,
				CE539E451A246DCB00D1FAEB /* Note.h */,
				CE539E461A246DCB00D1FAEB /* Note.m */,
				CE539E3F1A234E6400D1FAEB /* XYZToDoList.h */,
				CE539E401A234E6400D1FAEB /* XYZToDoList.m */,
				CE539E201A23016700D1FAEB /* Images.xcassets */,
				CE539E221A23016700D1FAEB /* LaunchScreen.xib */,
				CE539E131A23016600D1FAEB /* Supporting Files */,
				CE539E391A2332E000D1FAEB /* XYZAddToDoItemViewController.h */,
				CE539E3A1A2332E000D1FAEB /* XYZAddToDoItemViewController.m */,
			);
			path = Trial_app2;
			sourceTree = "<group>";
		};
		CE539E131A23016600D1FAEB /* Supporting Files */ = {
			isa = PBXGroup;
			children = (
				CE539E141A23016600D1FAEB /* Info.plist */,
				CE77310E1A2DBF6E00674026 /* color-theme-blue-green-white-keywords-decorative-backgrounds.jpg */,
				CEC4DE721A3F05D5005C2B79 /* 0210.jpg */,
				CE6B6D871A3589A70045C409 /* 1916561.jpg */,
				CE77310C1A2DBE4B00674026 /* Black-Background-Wood-black-wallpaper.jpg */,
				CE539E151A23016600D1FAEB /* main.m */,
			);
			name = "Supporting Files";
			sourceTree = "<group>";
		};
		CE539E2C1A23016700D1FAEB /* Trial_app2Tests */ = {
			isa = PBXGroup;
			children = (
				CE539E2F1A23016700D1FAEB /* Trial_app2Tests.m */,
				CE539E2D1A23016700D1FAEB /* Supporting Files */,
			);
			path = Trial_app2Tests;
			sourceTree = "<group>";
		};
		CE539E2D1A23016700D1FAEB /* Supporting Files */ = {
			isa = PBXGroup;
			children = (
				CE539E2E1A23016700D1FAEB /* Info.plist */,
			);
			name = "Supporting Files";
			sourceTree = "<group>";
		};
/* End PBXGroup section */

/* Begin PBXNativeTarget section */
		CE539E0F1A23016600D1FAEB /* Trial_app2 */ = {
			isa = PBXNativeTarget;
			buildConfigurationList = CE539E331A23016700D1FAEB /* Build configuration list for PBXNativeTarget "Trial_app2" */;
			buildPhases = (
				CE539E0C1A23016600D1FAEB /* Sources */,
				CE539E0D1A23016600D1FAEB /* Frameworks */,
				CE539E0E1A23016600D1FAEB /* Resources */,
			);
			buildRules = (
			);
			dependencies = (
			);
			name = Trial_app2;
			productName = Trial_app2;
			productReference = CE539E101A23016600D1FAEB /* Trial_app2.app */;
			productType = "com.apple.product-type.application";
		};
		CE539E281A23016700D1FAEB /* Trial_app2Tests */ = {
			isa = PBXNativeTarget;
			buildConfigurationList = CE539E361A23016700D1FAEB /* Build configuration list for PBXNativeTarget "Trial_app2Tests" */;
			buildPhases = (
				CE539E251A23016700D1FAEB /* Sources */,
				CE539E261A23016700D1FAEB /* Frameworks */,
				CE539E271A23016700D1FAEB /* Resources */,
			);
			buildRules = (
			);
			dependencies = (
				CE539E2B1A23016700D1FAEB /* PBXTargetDependency */,
			);
			name = Trial_app2Tests;
			productName = Trial_app2Tests;
			productReference = CE539E291A23016700D1FAEB /* Trial_app2Tests.xctest */;
			productType = "com.apple.product-type.bundle.unit-test";
		};
/* End PBXNativeTarget section */

/* Begin PBXProject section */
		CE539E081A23016600D1FAEB /* Project object */ = {
			isa = PBXProject;
			attributes = {
				LastUpgradeCheck = 0610;
				ORGANIZATIONNAME = kirthikas;
				TargetAttributes = {
					CE539E0F1A23016600D1FAEB = {
						CreatedOnToolsVersion = 6.1;
						DevelopmentTeam = PKUQ4ZWJH3;
					};
					CE539E281A23016700D1FAEB = {
						CreatedOnToolsVersion = 6.1;
						TestTargetID = CE539E0F1A23016600D1FAEB;
					};
				};
			};
			buildConfigurationList = CE539E0B1A23016600D1FAEB /* Build configuration list for PBXProject "Trial_app2" */;
			compatibilityVersion = "Xcode 3.2";
			developmentRegion = English;
			hasScannedForEncodings = 0;
			knownRegions = (
				en,
				Base,
			);
			mainGroup = CE539E071A23016600D1FAEB;
			productRefGroup = CE539E111A23016600D1FAEB /* Products */;
			projectDirPath = "";
			projectRoot = "";
			targets = (
				CE539E0F1A23016600D1FAEB /* Trial_app2 */,
				CE539E281A23016700D1FAEB /* Trial_app2Tests */,
			);
		};
/* End PBXProject section */

/* Begin PBXResourcesBuildPhase section */
		CE539E0E1A23016600D1FAEB /* Resources */ = {
			isa = PBXResourcesBuildPhase;
			buildActionMask = 2147483647;
			files = (
				CE6B6DCD1A35B1650045C409 /* Main.storyboard in Resources */,
				CE77310D1A2DBE4B00674026 /* Black-Background-Wood-black-wallpaper.jpg in Resources */,
				CEC4DE731A3F05D5005C2B79 /* 0210.jpg in Resources */,
				CE6B6D881A3589A80045C409 /* 1916561.jpg in Resources */,
				CE539E241A23016700D1FAEB /* LaunchScreen.xib in Resources */,
				CE1297B11A2633C0006E5046 /* SimpleTableCell.xib in Resources */,
				CE77310F1A2DBF6E00674026 /* color-theme-blue-green-white-keywords-decorative-backgrounds.jpg in Resources */,
				CE539E211A23016700D1FAEB /* Images.xcassets in Resources */,
			);
			runOnlyForDeploymentPostprocessing = 0;
		};
		CE539E271A23016700D1FAEB /* Resources */ = {
			isa = PBXResourcesBuildPhase;
			buildActionMask = 2147483647;
			files = (
			);
			runOnlyForDeploymentPostprocessing = 0;
		};
/* End PBXResourcesBuildPhase section */

/* Begin PBXSourcesBuildPhase section */
		CE539E0C1A23016600D1FAEB /* Sources */ = {
			isa = PBXSourcesBuildPhase;
			buildActionMask = 2147483647;
			files = (
				CE5A0A0F1A30607200BC72E7 /* userAlertView.m in Sources */,
				CEE304651A2DD113001F0196 /* SignInViewController.m in Sources */,
				CE539E1C1A23016600D1FAEB /* ViewController.m in Sources */,
				CE539E3B1A2332E000D1FAEB /* XYZAddToDoItemViewController.m in Sources */,
				CE1297B41A263845006E5046 /* SimpleTableCell.m in Sources */,
				CE539E3E1A2335B800D1FAEB /* XYZToDoListTableViewController.m in Sources */,
				CE539E441A2465A000D1FAEB /* Model.xcdatamodeld in Sources */,
				CE6B6DD61A36F3D60045C409 /* UICKeyChainStore.m in Sources */,
				CE539E411A234E6400D1FAEB /* XYZToDoList.m in Sources */,
				CE6B6DD01A36BE8E0045C409 /* User.m in Sources */,
				CE6B6DD31A36D15C0045C409 /* KeychainItemWrapper.m in Sources */,
				CE539E191A23016600D1FAEB /* AppDelegate.m in Sources */,
				CE539E161A23016600D1FAEB /* main.m in Sources */,
				CE5A0A121A30611600BC72E7 /* UserAlertWrapper.m in Sources */,
				CEE304681A2DD129001F0196 /* SignUpViewController.m in Sources */,
				CE539E471A246DCB00D1FAEB /* Note.m in Sources */,
			);
			runOnlyForDeploymentPostprocessing = 0;
		};
		CE539E251A23016700D1FAEB /* Sources */ = {
			isa = PBXSourcesBuildPhase;
			buildActionMask = 2147483647;
			files = (
				CE539E301A23016700D1FAEB /* Trial_app2Tests.m in Sources */,
			);
			runOnlyForDeploymentPostprocessing = 0;
		};
/* End PBXSourcesBuildPhase section */

/* Begin PBXTargetDependency section */
		CE539E2B1A23016700D1FAEB /* PBXTargetDependency */ = {
			isa = PBXTargetDependency;
			target = CE539E0F1A23016600D1FAEB /* Trial_app2 */;
			targetProxy = CE539E2A1A23016700D1FAEB /* PBXContainerItemProxy */;
		};
/* End PBXTargetDependency section */

/* Begin PBXVariantGroup section */
		CE539E221A23016700D1FAEB /* LaunchScreen.xib */ = {
			isa = PBXVariantGroup;
			children = (
				CE539E231A23016700D1FAEB /* Base */,
			);
			name = LaunchScreen.xib;
			sourceTree = "<group>";
		};
		CE6B6DCB1A35B1650045C409 /* Main.storyboard */ = {
			isa = PBXVariantGroup;
			children = (
				CE6B6DCC1A35B1650045C409 /* Base */,
			);
			name = Main.storyboard;
			path = ..;
			sourceTree = "<group>";
		};
/* End PBXVariantGroup section */

/* Begin XCBuildConfiguration section */
		CE539E311A23016700D1FAEB /* Debug */ = {
			isa = XCBuildConfiguration;
			buildSettings = {
				ALWAYS_SEARCH_USER_PATHS = NO;
				CLANG_CXX_LANGUAGE_STANDARD = "gnu++0x";
				CLANG_CXX_LIBRARY = "libc++";
				CLANG_ENABLE_MODULES = YES;
				CLANG_ENABLE_OBJC_ARC = YES;
				CLANG_WARN_BOOL_CONVERSION = YES;
				CLANG_WARN_CONSTANT_CONVERSION = YES;
				CLANG_WARN_DIRECT_OBJC_ISA_USAGE = YES_ERROR;
				CLANG_WARN_EMPTY_BODY = YES;
				CLANG_WARN_ENUM_CONVERSION = YES;
				CLANG_WARN_INT_CONVERSION = YES;
				CLANG_WARN_OBJC_ROOT_CLASS = YES_ERROR;
				CLANG_WARN_UNREACHABLE_CODE = YES;
				CLANG_WARN__DUPLICATE_METHOD_MATCH = YES;
				"CODE_SIGN_IDENTITY[sdk=iphoneos*]" = "iPhone Developer";
				COPY_PHASE_STRIP = NO;
				ENABLE_STRICT_OBJC_MSGSEND = YES;
				GCC_C_LANGUAGE_STANDARD = gnu99;
				GCC_DYNAMIC_NO_PIC = NO;
				GCC_OPTIMIZATION_LEVEL = 0;
				GCC_PREPROCESSOR_DEFINITIONS = (
					"DEBUG=1",
					"$(inherited)",
				);
				GCC_SYMBOLS_PRIVATE_EXTERN = NO;
				GCC_WARN_64_TO_32_BIT_CONVERSION = YES;
				GCC_WARN_ABOUT_RETURN_TYPE = YES_ERROR;
				GCC_WARN_UNDECLARED_SELECTOR = YES;
				GCC_WARN_UNINITIALIZED_AUTOS = YES_AGGRESSIVE;
				GCC_WARN_UNUSED_FUNCTION = YES;
				GCC_WARN_UNUSED_VARIABLE = YES;
				IPHONEOS_DEPLOYMENT_TARGET = 8.1;
				MTL_ENABLE_DEBUG_INFO = YES;
				ONLY_ACTIVE_ARCH = YES;
				SDKROOT = iphoneos;
			};
			name = Debug;
		};
		CE539E321A23016700D1FAEB /* Release */ = {
			isa = XCBuildConfiguration;
			buildSettings = {
				ALWAYS_SEARCH_USER_PATHS = NO;
				CLANG_CXX_LANGUAGE_STANDARD = "gnu++0x";
				CLANG_CXX_LIBRARY = "libc++";
				CLANG_ENABLE_MODULES = YES;
				CLANG_ENABLE_OBJC_ARC = YES;
				CLANG_WARN_BOOL_CONVERSION = YES;
				CLANG_WARN_CONSTANT_CONVERSION = YES;
				CLANG_WARN_DIRECT_OBJC_ISA_USAGE = YES_ERROR;
				CLANG_WARN_EMPTY_BODY = YES;
				CLANG_WARN_ENUM_CONVERSION = YES;
				CLANG_WARN_INT_CONVERSION = YES;
				CLANG_WARN_OBJC_ROOT_CLASS = YES_ERROR;
				CLANG_WARN_UNREACHABLE_CODE = YES;
				CLANG_WARN__DUPLICATE_METHOD_MATCH = YES;
				"CODE_SIGN_IDENTITY[sdk=iphoneos*]" = "iPhone Developer";
				COPY_PHASE_STRIP = YES;
				ENABLE_NS_ASSERTIONS = NO;
				ENABLE_STRICT_OBJC_MSGSEND = YES;
				GCC_C_LANGUAGE_STANDARD = gnu99;
				GCC_WARN_64_TO_32_BIT_CONVERSION = YES;
				GCC_WARN_ABOUT_RETURN_TYPE = YES_ERROR;
				GCC_WARN_UNDECLARED_SELECTOR = YES;
				GCC_WARN_UNINITIALIZED_AUTOS = YES_AGGRESSIVE;
				GCC_WARN_UNUSED_FUNCTION = YES;
				GCC_WARN_UNUSED_VARIABLE = YES;
				IPHONEOS_DEPLOYMENT_TARGET = 8.1;
				MTL_ENABLE_DEBUG_INFO = NO;
				SDKROOT = iphoneos;
				VALIDATE_PRODUCT = YES;
			};
			name = Release;
		};
		CE539E341A23016700D1FAEB /* Debug */ = {
			isa = XCBuildConfiguration;
			buildSettings = {
				ASSETCATALOG_COMPILER_APPICON_NAME = AppIcon;
				INFOPLIST_FILE = Trial_app2/Info.plist;
				LD_RUNPATH_SEARCH_PATHS = "$(inherited) @executable_path/Frameworks";
				PRODUCT_NAME = "$(TARGET_NAME)";
			};
			name = Debug;
		};
		CE539E351A23016700D1FAEB /* Release */ = {
			isa = XCBuildConfiguration;
			buildSettings = {
				ASSETCATALOG_COMPILER_APPICON_NAME = AppIcon;
				INFOPLIST_FILE = Trial_app2/Info.plist;
				LD_RUNPATH_SEARCH_PATHS = "$(inherited) @executable_path/Frameworks";
				PRODUCT_NAME = "$(TARGET_NAME)";
			};
			name = Release;
		};
		CE539E371A23016700D1FAEB /* Debug */ = {
			isa = XCBuildConfiguration;
			buildSettings = {
				BUNDLE_LOADER = "$(TEST_HOST)";
				FRAMEWORK_SEARCH_PATHS = (
					"$(SDKROOT)/Developer/Library/Frameworks",
					"$(inherited)",
				);
				GCC_PREPROCESSOR_DEFINITIONS = (
					"DEBUG=1",
					"$(inherited)",
				);
				INFOPLIST_FILE = Trial_app2Tests/Info.plist;
				LD_RUNPATH_SEARCH_PATHS = "$(inherited) @executable_path/Frameworks @loader_path/Frameworks";
				PRODUCT_NAME = "$(TARGET_NAME)";
				TEST_HOST = "$(BUILT_PRODUCTS_DIR)/Trial_app2.app/Trial_app2";
			};
			name = Debug;
		};
		CE539E381A23016700D1FAEB /* Release */ = {
			isa = XCBuildConfiguration;
			buildSettings = {
				BUNDLE_LOADER = "$(TEST_HOST)";
				FRAMEWORK_SEARCH_PATHS = (
					"$(SDKROOT)/Developer/Library/Frameworks",
					"$(inherited)",
				);
				INFOPLIST_FILE = Trial_app2Tests/Info.plist;
				LD_RUNPATH_SEARCH_PATHS = "$(inherited) @executable_path/Frameworks @loader_path/Frameworks";
				PRODUCT_NAME = "$(TARGET_NAME)";
				TEST_HOST = "$(BUILT_PRODUCTS_DIR)/Trial_app2.app/Trial_app2";
			};
			name = Release;
		};
/* End XCBuildConfiguration section */

/* Begin XCConfigurationList section */
		CE539E0B1A23016600D1FAEB /* Build configuration list for PBXProject "Trial_app2" */ = {
			isa = XCConfigurationList;
			buildConfigurations = (
				CE539E311A23016700D1FAEB /* Debug */,
				CE539E321A23016700D1FAEB /* Release */,
			);
			defaultConfigurationIsVisible = 0;
			defaultConfigurationName = Release;
		};
		CE539E331A23016700D1FAEB /* Build configuration list for PBXNativeTarget "Trial_app2" */ = {
			isa = XCConfigurationList;
			buildConfigurations = (
				CE539E341A23016700D1FAEB /* Debug */,
				CE539E351A23016700D1FAEB /* Release */,
			);
			defaultConfigurationIsVisible = 0;
			defaultConfigurationName = Release;
		};
		CE539E361A23016700D1FAEB /* Build configuration list for PBXNativeTarget "Trial_app2Tests" */ = {
			isa = XCConfigurationList;
			buildConfigurations = (
				CE539E371A23016700D1FAEB /* Debug */,
				CE539E381A23016700D1FAEB /* Release */,
			);
			defaultConfigurationIsVisible = 0;
			defaultConfigurationName = Release;
		};
/* End XCConfigurationList section */

/* Begin XCVersionGroup section */
		CE539E421A2465A000D1FAEB /* Model.xcdatamodeld */ = {
			isa = XCVersionGroup;
			children = (
				CE1297AF1A2631E9006E5046 /* Model2.xcdatamodel */,
				CE539E431A2465A000D1FAEB /* Model.xcdatamodel */,
			);
			currentVersion = CE1297AF1A2631E9006E5046 /* Model2.xcdatamodel */;
			path = Model.xcdatamodeld;
			sourceTree = "<group>";
			versionGroupType = wrapper.xcdatamodel;
		};
/* End XCVersionGroup section */
	};
	rootObject = CE539E081A23016600D1FAEB /* Project object */;
}
